
Microsoft Visual Studio Solution File, Format Version 12.00
Project("{FAE04EC0-301F-11D3-BF4B-00C04F79EFBC}") = "OfficeCalendar.API", "OfficeCalendar.API\OfficeCalendar.API.csproj", "{394D2E99-ABB4-4B64-AA7C-CEF84C3ADDCC}"
EndProject
Global
	GlobalSection(SolutionConfigurationPlatforms) = preSolution
		Debug|Any CPU = Debug|Any CPU
		Release|Any CPU = Release|Any CPU
	EndGlobalSection
	GlobalSection(ProjectConfigurationPlatforms) = postSolution
		{394D2E99-ABB4-4B64-AA7C-CEF84C3ADDCC}.Debug|Any CPU.ActiveCfg = Debug|Any CPU
		{394D2E99-ABB4-4B64-AA7C-CEF84C3ADDCC}.Debug|Any CPU.Build.0 = Debug|Any CPU
		{394D2E99-ABB4-4B64-AA7C-CEF84C3ADDCC}.Release|Any CPU.ActiveCfg = Release|Any CPU
		{394D2E99-ABB4-4B64-AA7C-CEF84C3ADDCC}.Release|Any CPU.Build.0 = Release|Any CPU
	EndGlobalSection
EndGlobal
