Microsoft Visual Studio Solution File, Format Version 12.00
# Visual Studio Version 17
VisualStudioVersion = 17.5.2.0
MinimumVisualStudioVersion = 10.0.40219.1
Project("{2150E333-8FDC-42A3-9474-1A3956D46DE8}") = "OfficeCalendar.API", "OfficeCalendar.API", "{EAB0778B-CA93-4713-9D64-F1A6022C2416}"
EndProject
Project("{FAE04EC0-301F-11D3-BF4B-00C04F79EFBC}") = "OfficeCalendar.API", "OfficeCalendar.API\OfficeCalendar.API\OfficeCalendar.API.csproj", "{B4202804-C4EE-4DF4-8D00-41E5847355C5}"
EndProject
Global
	GlobalSection(SolutionConfigurationPlatforms) = preSolution
		Debug|Any CPU = Debug|Any CPU
		Release|Any CPU = Release|Any CPU
	EndGlobalSection
	GlobalSection(ProjectConfigurationPlatforms) = postSolution
		{B4202804-C4EE-4DF4-8D00-41E5847355C5}.Debug|Any CPU.ActiveCfg = Debug|Any CPU
		{B4202804-C4EE-4DF4-8D00-41E5847355C5}.Debug|Any CPU.Build.0 = Debug|Any CPU
		{B4202804-C4EE-4DF4-8D00-41E5847355C5}.Release|Any CPU.ActiveCfg = Release|Any CPU
		{B4202804-C4EE-4DF4-8D00-41E5847355C5}.Release|Any CPU.Build.0 = Release|Any CPU
	EndGlobalSection
	GlobalSection(SolutionProperties) = preSolution
		HideSolutionNode = FALSE
	EndGlobalSection
	GlobalSection(ExtensibilityGlobals) = postSolution
		SolutionGuid = {205EB346-79A4-4EEE-B954-8F4C1D0F0993}
	EndGlobalSection
	GlobalSection(NestedProjects) = preSolution
		{B4202804-C4EE-4DF4-8D00-41E5847355C5} = {EAB0778B-CA93-4713-9D64-F1A6022C2416}
	EndGlobalSection
EndGlobal
